
Microsoft Visual Studio Solution File, Format Version 12.00
# Visual Studio 15
VisualStudioVersion = 15.0.27703.2018
MinimumVisualStudioVersion = 10.0.40219.1
Project("{FAE04EC0-301F-11D3-BF4B-00C04F79EFBC}") = "wpf prueba", "wpf prueba\wpf prueba.csproj", "{B2052AE6-90FC-46ED-971A-80821E6AE8D1}"
EndProject
Global
	GlobalSection(SolutionConfigurationPlatforms) = preSolution
		Debug|Any CPU = Debug|Any CPU
		Release|Any CPU = Release|Any CPU
	EndGlobalSection
	GlobalSection(ProjectConfigurationPlatforms) = postSolution
		{B2052AE6-90FC-46ED-971A-80821E6AE8D1}.Debug|Any CPU.ActiveCfg = Debug|Any CPU
		{B2052AE6-90FC-46ED-971A-80821E6AE8D1}.Debug|Any CPU.Build.0 = Debug|Any CPU
		{B2052AE6-90FC-46ED-971A-80821E6AE8D1}.Release|Any CPU.ActiveCfg = Release|Any CPU
		{B2052AE6-90FC-46ED-971A-80821E6AE8D1}.Release|Any CPU.Build.0 = Release|Any CPU
	EndGlobalSection
	GlobalSection(SolutionProperties) = preSolution
		HideSolutionNode = FALSE
	EndGlobalSection
	GlobalSection(ExtensibilityGlobals) = postSolution
		SolutionGuid = {0539901B-B1CC-490C-88FC-74AD3C1612D0}
	EndGlobalSection
EndGlobal
